// !$*UTF8*$!
{
	archiveVersion = 1;
	classes = {
	};
	objectVersion = 55;
	objects = {

/* Begin PBXBuildFile section */
		883ED55827FA04A60015BB3A /* DailyDataApp.swift in Sources */ = {isa = PBXBuildFile; fileRef = 883ED55727FA04A60015BB3A /* DailyDataApp.swift */; };
		883ED55C27FA04A70015BB3A /* Assets.xcassets in Resources */ = {isa = PBXBuildFile; fileRef = 883ED55B27FA04A70015BB3A /* Assets.xcassets */; };
		883ED55F27FA04A70015BB3A /* Preview Assets.xcassets in Resources */ = {isa = PBXBuildFile; fileRef = 883ED55E27FA04A70015BB3A /* Preview Assets.xcassets */; };
		883ED56C27FA09FA0015BB3A /* CoreDataModel.xcdatamodeld in Sources */ = {isa = PBXBuildFile; fileRef = 883ED56A27FA09FA0015BB3A /* CoreDataModel.xcdatamodeld */; };
		883ED56E27FA0A090015BB3A /* Persistance.swift in Sources */ = {isa = PBXBuildFile; fileRef = 883ED56D27FA0A090015BB3A /* Persistance.swift */; };
		883ED57027FA0BBC0015BB3A /* Flightdata+Extensions.swift in Sources */ = {isa = PBXBuildFile; fileRef = 883ED56F27FA0BBC0015BB3A /* Flightdata+Extensions.swift */; };
		883ED57427FA1B5F0015BB3A /* Helpers.swift in Sources */ = {isa = PBXBuildFile; fileRef = 883ED57327FA1B5F0015BB3A /* Helpers.swift */; };
		883ED57627FA5F970015BB3A /* ContentView.swift in Sources */ = {isa = PBXBuildFile; fileRef = 883ED57527FA5F970015BB3A /* ContentView.swift */; };
		883ED57827FA5FA40015BB3A /* ModelView.swift in Sources */ = {isa = PBXBuildFile; fileRef = 883ED57727FA5FA40015BB3A /* ModelView.swift */; };
		88477AA927FB6F3E001DB1BE /* CoreDataHelper.swift in Sources */ = {isa = PBXBuildFile; fileRef = 88477AA827FB6F3E001DB1BE /* CoreDataHelper.swift */; };
/* End PBXBuildFile section */

/* Begin PBXFileReference section */
		8826280427FDEACB00DB68FA /* README.md */ = {isa = PBXFileReference; lastKnownFileType = net.daringfireball.markdown; path = README.md; sourceTree = "<group>"; };
		883ED55427FA04A60015BB3A /* DailyData.app */ = {isa = PBXFileReference; explicitFileType = wrapper.application; includeInIndex = 0; path = DailyData.app; sourceTree = BUILT_PRODUCTS_DIR; };
		883ED55727FA04A60015BB3A /* DailyDataApp.swift */ = {isa = PBXFileReference; lastKnownFileType = sourcecode.swift; path = DailyDataApp.swift; sourceTree = "<group>"; };
		883ED55B27FA04A70015BB3A /* Assets.xcassets */ = {isa = PBXFileReference; lastKnownFileType = folder.assetcatalog; path = Assets.xcassets; sourceTree = "<group>"; };
		883ED55E27FA04A70015BB3A /* Preview Assets.xcassets */ = {isa = PBXFileReference; lastKnownFileType = folder.assetcatalog; path = "Preview Assets.xcassets"; sourceTree = "<group>"; };
		883ED56B27FA09FA0015BB3A /* CoreDataModel.xcdatamodel */ = {isa = PBXFileReference; lastKnownFileType = wrapper.xcdatamodel; path = CoreDataModel.xcdatamodel; sourceTree = "<group>"; };
		883ED56D27FA0A090015BB3A /* Persistance.swift */ = {isa = PBXFileReference; lastKnownFileType = sourcecode.swift; path = Persistance.swift; sourceTree = "<group>"; };
		883ED56F27FA0BBC0015BB3A /* Flightdata+Extensions.swift */ = {isa = PBXFileReference; lastKnownFileType = sourcecode.swift; path = "Flightdata+Extensions.swift"; sourceTree = "<group>"; };
		883ED57327FA1B5F0015BB3A /* Helpers.swift */ = {isa = PBXFileReference; lastKnownFileType = sourcecode.swift; path = Helpers.swift; sourceTree = "<group>"; };
		883ED57527FA5F970015BB3A /* ContentView.swift */ = {isa = PBXFileReference; lastKnownFileType = sourcecode.swift; path = ContentView.swift; sourceTree = "<group>"; };
		883ED57727FA5FA40015BB3A /* ModelView.swift */ = {isa = PBXFileReference; lastKnownFileType = sourcecode.swift; path = ModelView.swift; sourceTree = "<group>"; };
		88477AA827FB6F3E001DB1BE /* CoreDataHelper.swift */ = {isa = PBXFileReference; lastKnownFileType = sourcecode.swift; path = CoreDataHelper.swift; sourceTree = "<group>"; };
/* End PBXFileReference section */

/* Begin PBXFrameworksBuildPhase section */
		883ED55127FA04A60015BB3A /* Frameworks */ = {
			isa = PBXFrameworksBuildPhase;
			buildActionMask = 2147483647;
			files = (
			);
			runOnlyForDeploymentPostprocessing = 0;
		};
/* End PBXFrameworksBuildPhase section */

/* Begin PBXGroup section */
		883ED54B27FA04A60015BB3A = {
			isa = PBXGroup;
			children = (
				883ED55627FA04A60015BB3A /* DailyData */,
				883ED55527FA04A60015BB3A /* Products */,
			);
			sourceTree = "<group>";
		};
		883ED55527FA04A60015BB3A /* Products */ = {
			isa = PBXGroup;
			children = (
				883ED55427FA04A60015BB3A /* DailyData.app */,
			);
			name = Products;
			sourceTree = "<group>";
		};
		883ED55627FA04A60015BB3A /* DailyData */ = {
			isa = PBXGroup;
			children = (
				8826280427FDEACB00DB68FA /* README.md */,
				883ED55727FA04A60015BB3A /* DailyDataApp.swift */,
				883ED57527FA5F970015BB3A /* ContentView.swift */,
				883ED57727FA5FA40015BB3A /* ModelView.swift */,
				883ED57327FA1B5F0015BB3A /* Helpers.swift */,
				883ED56927FA09E90015BB3A /* CoreDataFiles */,
				883ED55B27FA04A70015BB3A /* Assets.xcassets */,
				883ED55D27FA04A70015BB3A /* Preview Content */,
			);
			path = DailyData;
			sourceTree = "<group>";
		};
		883ED55D27FA04A70015BB3A /* Preview Content */ = {
			isa = PBXGroup;
			children = (
				883ED55E27FA04A70015BB3A /* Preview Assets.xcassets */,
			);
			path = "Preview Content";
			sourceTree = "<group>";
		};
		883ED56927FA09E90015BB3A /* CoreDataFiles */ = {
			isa = PBXGroup;
			children = (
				883ED56A27FA09FA0015BB3A /* CoreDataModel.xcdatamodeld */,
				883ED56D27FA0A090015BB3A /* Persistance.swift */,
				883ED56F27FA0BBC0015BB3A /* Flightdata+Extensions.swift */,
				88477AA827FB6F3E001DB1BE /* CoreDataHelper.swift */,
			);
			path = CoreDataFiles;
			sourceTree = "<group>";
		};
/* End PBXGroup section */

/* Begin PBXNativeTarget section */
		883ED55327FA04A60015BB3A /* DailyData */ = {
			isa = PBXNativeTarget;
			buildConfigurationList = 883ED56227FA04A70015BB3A /* Build configuration list for PBXNativeTarget "DailyData" */;
			buildPhases = (
				883ED55027FA04A60015BB3A /* Sources */,
				883ED55127FA04A60015BB3A /* Frameworks */,
				883ED55227FA04A60015BB3A /* Resources */,
			);
			buildRules = (
			);
			dependencies = (
			);
			name = DailyData;
			productName = DailyData;
			productReference = 883ED55427FA04A60015BB3A /* DailyData.app */;
			productType = "com.apple.product-type.application";
		};
/* End PBXNativeTarget section */

/* Begin PBXProject section */
		883ED54C27FA04A60015BB3A /* Project object */ = {
			isa = PBXProject;
			attributes = {
				BuildIndependentTargetsInParallel = 1;
				LastSwiftUpdateCheck = 1330;
				LastUpgradeCheck = 1330;
				TargetAttributes = {
					883ED55327FA04A60015BB3A = {
						CreatedOnToolsVersion = 13.3;
					};
				};
			};
			buildConfigurationList = 883ED54F27FA04A60015BB3A /* Build configuration list for PBXProject "DailyData" */;
			compatibilityVersion = "Xcode 13.0";
			developmentRegion = en;
			hasScannedForEncodings = 0;
			knownRegions = (
				en,
				Base,
			);
			mainGroup = 883ED54B27FA04A60015BB3A;
			productRefGroup = 883ED55527FA04A60015BB3A /* Products */;
			projectDirPath = "";
			projectRoot = "";
			targets = (
				883ED55327FA04A60015BB3A /* DailyData */,
			);
		};
/* End PBXProject section */

/* Begin PBXResourcesBuildPhase section */
		883ED55227FA04A60015BB3A /* Resources */ = {
			isa = PBXResourcesBuildPhase;
			buildActionMask = 2147483647;
			files = (
				883ED55F27FA04A70015BB3A /* Preview Assets.xcassets in Resources */,
				883ED55C27FA04A70015BB3A /* Assets.xcassets in Resources */,
			);
			runOnlyForDeploymentPostprocessing = 0;
		};
/* End PBXResourcesBuildPhase section */

/* Begin PBXSourcesBuildPhase section */
		883ED55027FA04A60015BB3A /* Sources */ = {
			isa = PBXSourcesBuildPhase;
			buildActionMask = 2147483647;
			files = (
				88477AA927FB6F3E001DB1BE /* CoreDataHelper.swift in Sources */,
				883ED57627FA5F970015BB3A /* ContentView.swift in Sources */,
				883ED57427FA1B5F0015BB3A /* Helpers.swift in Sources */,
				883ED57827FA5FA40015BB3A /* ModelView.swift in Sources */,
				883ED56E27FA0A090015BB3A /* Persistance.swift in Sources */,
				883ED55827FA04A60015BB3A /* DailyDataApp.swift in Sources */,
				883ED57027FA0BBC0015BB3A /* Flightdata+Extensions.swift in Sources */,
				883ED56C27FA09FA0015BB3A /* CoreDataModel.xcdatamodeld in Sources */,
			);
			runOnlyForDeploymentPostprocessing = 0;
		};
/* End PBXSourcesBuildPhase section */

/* Begin XCBuildConfiguration section */
		883ED56027FA04A70015BB3A /* Debug */ = {
			isa = XCBuildConfiguration;
			buildSettings = {
				ALWAYS_SEARCH_USER_PATHS = NO;
				CLANG_ANALYZER_NONNULL = YES;
				CLANG_ANALYZER_NUMBER_OBJECT_CONVERSION = YES_AGGRESSIVE;
				CLANG_CXX_LANGUAGE_STANDARD = "gnu++17";
				CLANG_ENABLE_MODULES = YES;
				CLANG_ENABLE_OBJC_ARC = YES;
				CLANG_ENABLE_OBJC_WEAK = YES;
				CLANG_WARN_BLOCK_CAPTURE_AUTORELEASING = YES;
				CLANG_WARN_BOOL_CONVERSION = YES;
				CLANG_WARN_COMMA = YES;
				CLANG_WARN_CONSTANT_CONVERSION = YES;
				CLANG_WARN_DEPRECATED_OBJC_IMPLEMENTATIONS = YES;
				CLANG_WARN_DIRECT_OBJC_ISA_USAGE = YES_ERROR;
				CLANG_WARN_DOCUMENTATION_COMMENTS = YES;
				CLANG_WARN_EMPTY_BODY = YES;
				CLANG_WARN_ENUM_CONVERSION = YES;
				CLANG_WARN_INFINITE_RECURSION = YES;
				CLANG_WARN_INT_CONVERSION = YES;
				CLANG_WARN_NON_LITERAL_NULL_CONVERSION = YES;
				CLANG_WARN_OBJC_IMPLICIT_RETAIN_SELF = YES;
				CLANG_WARN_OBJC_LITERAL_CONVERSION = YES;
				CLANG_WARN_OBJC_ROOT_CLASS = YES_ERROR;
				CLANG_WARN_QUOTED_INCLUDE_IN_FRAMEWORK_HEADER = YES;
				CLANG_WARN_RANGE_LOOP_ANALYSIS = YES;
				CLANG_WARN_STRICT_PROTOTYPES = YES;
				CLANG_WARN_SUSPICIOUS_MOVE = YES;
				CLANG_WARN_UNGUARDED_AVAILABILITY = YES_AGGRESSIVE;
				CLANG_WARN_UNREACHABLE_CODE = YES;
				CLANG_WARN__DUPLICATE_METHOD_MATCH = YES;
				COPY_PHASE_STRIP = NO;
				DEBUG_INFORMATION_FORMAT = dwarf;
				ENABLE_STRICT_OBJC_MSGSEND = YES;
				ENABLE_TESTABILITY = YES;
				GCC_C_LANGUAGE_STANDARD = gnu11;
				GCC_DYNAMIC_NO_PIC = NO;
				GCC_NO_COMMON_BLOCKS = YES;
				GCC_OPTIMIZATION_LEVEL = 0;
				GCC_PREPROCESSOR_DEFINITIONS = (
					"DEBUG=1",
					"$(inherited)",
				);
				GCC_WARN_64_TO_32_BIT_CONVERSION = YES;
				GCC_WARN_ABOUT_RETURN_TYPE = YES_ERROR;
				GCC_WARN_UNDECLARED_SELECTOR = YES;
				GCC_WARN_UNINITIALIZED_AUTOS = YES_AGGRESSIVE;
				GCC_WARN_UNUSED_FUNCTION = YES;
				GCC_WARN_UNUSED_VARIABLE = YES;
				IPHONEOS_DEPLOYMENT_TARGET = 15.4;
				MTL_ENABLE_DEBUG_INFO = INCLUDE_SOURCE;
				MTL_FAST_MATH = YES;
				ONLY_ACTIVE_ARCH = YES;
				SDKROOT = iphoneos;
				SWIFT_ACTIVE_COMPILATION_CONDITIONS = DEBUG;
				SWIFT_OPTIMIZATION_LEVEL = "-Onone";
			};
			name = Debug;
		};
		883ED56127FA04A70015BB3A /* Release */ = {
			isa = XCBuildConfiguration;
			buildSettings = {
				ALWAYS_SEARCH_USER_PATHS = NO;
				CLANG_ANALYZER_NONNULL = YES;
				CLANG_ANALYZER_NUMBER_OBJECT_CONVERSION = YES_AGGRESSIVE;
				CLANG_CXX_LANGUAGE_STANDARD = "gnu++17";
				CLANG_ENABLE_MODULES = YES;
				CLANG_ENABLE_OBJC_ARC = YES;
				CLANG_ENABLE_OBJC_WEAK = YES;
				CLANG_WARN_BLOCK_CAPTURE_AUTORELEASING = YES;
				CLANG_WARN_BOOL_CONVERSION = YES;
				CLANG_WARN_COMMA = YES;
				CLANG_WARN_CONSTANT_CONVERSION = YES;
				CLANG_WARN_DEPRECATED_OBJC_IMPLEMENTATIONS = YES;
				CLANG_WARN_DIRECT_OBJC_ISA_USAGE = YES_ERROR;
				CLANG_WARN_DOCUMENTATION_COMMENTS = YES;
				CLANG_WARN_EMPTY_BODY = YES;
				CLANG_WARN_ENUM_CONVERSION = YES;
				CLANG_WARN_INFINITE_RECURSION = YES;
				CLANG_WARN_INT_CONVERSION = YES;
				CLANG_WARN_NON_LITERAL_NULL_CONVERSION = YES;
				CLANG_WARN_OBJC_IMPLICIT_RETAIN_SELF = YES;
				CLANG_WARN_OBJC_LITERAL_CONVERSION = YES;
				CLANG_WARN_OBJC_ROOT_CLASS = YES_ERROR;
				CLANG_WARN_QUOTED_INCLUDE_IN_FRAMEWORK_HEADER = YES;
				CLANG_WARN_RANGE_LOOP_ANALYSIS = YES;
				CLANG_WARN_STRICT_PROTOTYPES = YES;
				CLANG_WARN_SUSPICIOUS_MOVE = YES;
				CLANG_WARN_UNGUARDED_AVAILABILITY = YES_AGGRESSIVE;
				CLANG_WARN_UNREACHABLE_CODE = YES;
				CLANG_WARN__DUPLICATE_METHOD_MATCH = YES;
				COPY_PHASE_STRIP = NO;
				DEBUG_INFORMATION_FORMAT = "dwarf-with-dsym";
				ENABLE_NS_ASSERTIONS = NO;
				ENABLE_STRICT_OBJC_MSGSEND = YES;
				GCC_C_LANGUAGE_STANDARD = gnu11;
				GCC_NO_COMMON_BLOCKS = YES;
				GCC_WARN_64_TO_32_BIT_CONVERSION = YES;
				GCC_WARN_ABOUT_RETURN_TYPE = YES_ERROR;
				GCC_WARN_UNDECLARED_SELECTOR = YES;
				GCC_WARN_UNINITIALIZED_AUTOS = YES_AGGRESSIVE;
				GCC_WARN_UNUSED_FUNCTION = YES;
				GCC_WARN_UNUSED_VARIABLE = YES;
				IPHONEOS_DEPLOYMENT_TARGET = 15.4;
				MTL_ENABLE_DEBUG_INFO = NO;
				MTL_FAST_MATH = YES;
				SDKROOT = iphoneos;
				SWIFT_COMPILATION_MODE = wholemodule;
				SWIFT_OPTIMIZATION_LEVEL = "-O";
				VALIDATE_PRODUCT = YES;
			};
			name = Release;
		};
		883ED56327FA04A70015BB3A /* Debug */ = {
			isa = XCBuildConfiguration;
			buildSettings = {
				ASSETCATALOG_COMPILER_APPICON_NAME = AppIcon;
				ASSETCATALOG_COMPILER_GLOBAL_ACCENT_COLOR_NAME = AccentColor;
				CODE_SIGN_STYLE = Automatic;
				CURRENT_PROJECT_VERSION = 1;
				DEVELOPMENT_ASSET_PATHS = "\"DailyData/Preview Content\"";
				DEVELOPMENT_TEAM = XYVD428QLW;
				ENABLE_PREVIEWS = YES;
				GENERATE_INFOPLIST_FILE = YES;
				INFOPLIST_KEY_UIApplicationSceneManifest_Generation = YES;
				INFOPLIST_KEY_UIApplicationSupportsIndirectInputEvents = YES;
				INFOPLIST_KEY_UILaunchScreen_Generation = YES;
				INFOPLIST_KEY_UISupportedInterfaceOrientations = UIInterfaceOrientationPortrait;
				INFOPLIST_KEY_UISupportedInterfaceOrientations_iPad = "UIInterfaceOrientationPortrait UIInterfaceOrientationPortraitUpsideDown UIInterfaceOrientationLandscapeLeft UIInterfaceOrientationLandscapeRight";
				INFOPLIST_KEY_UISupportedInterfaceOrientations_iPhone = "UIInterfaceOrientationPortrait UIInterfaceOrientationLandscapeLeft UIInterfaceOrientationLandscapeRight";
				LD_RUNPATH_SEARCH_PATHS = (
					"$(inherited)",
					"@executable_path/Frameworks",
				);
				MARKETING_VERSION = 1.0;
				PRODUCT_BUNDLE_IDENTIFIER = com.fede.DailyData;
				PRODUCT_NAME = "$(TARGET_NAME)";
				SWIFT_EMIT_LOC_STRINGS = YES;
				SWIFT_VERSION = 5.0;
				TARGETED_DEVICE_FAMILY = 1;
			};
			name = Debug;
		};
		883ED56427FA04A70015BB3A /* Release */ = {
			isa = XCBuildConfiguration;
			buildSettings = {
				ASSETCATALOG_COMPILER_APPICON_NAME = AppIcon;
				ASSETCATALOG_COMPILER_GLOBAL_ACCENT_COLOR_NAME = AccentColor;
				CODE_SIGN_STYLE = Automatic;
				CURRENT_PROJECT_VERSION = 1;
				DEVELOPMENT_ASSET_PATHS = "\"DailyData/Preview Content\"";
				DEVELOPMENT_TEAM = XYVD428QLW;
				ENABLE_PREVIEWS = YES;
				GENERATE_INFOPLIST_FILE = YES;
				INFOPLIST_KEY_UIApplicationSceneManifest_Generation = YES;
				INFOPLIST_KEY_UIApplicationSupportsIndirectInputEvents = YES;
				INFOPLIST_KEY_UILaunchScreen_Generation = YES;
				INFOPLIST_KEY_UISupportedInterfaceOrientations = UIInterfaceOrientationPortrait;
				INFOPLIST_KEY_UISupportedInterfaceOrientations_iPad = "UIInterfaceOrientationPortrait UIInterfaceOrientationPortraitUpsideDown UIInterfaceOrientationLandscapeLeft UIInterfaceOrientationLandscapeRight";
				INFOPLIST_KEY_UISupportedInterfaceOrientations_iPhone = "UIInterfaceOrientationPortrait UIInterfaceOrientationLandscapeLeft UIInterfaceOrientationLandscapeRight";
				LD_RUNPATH_SEARCH_PATHS = (
					"$(inherited)",
					"@executable_path/Frameworks",
				);
				MARKETING_VERSION = 1.0;
				PRODUCT_BUNDLE_IDENTIFIER = com.fede.DailyData;
				PRODUCT_NAME = "$(TARGET_NAME)";
				SWIFT_EMIT_LOC_STRINGS = YES;
				SWIFT_VERSION = 5.0;
				TARGETED_DEVICE_FAMILY = 1;
			};
			name = Release;
		};
/* End XCBuildConfiguration section */

/* Begin XCConfigurationList section */
		883ED54F27FA04A60015BB3A /* Build configuration list for PBXProject "DailyData" */ = {
			isa = XCConfigurationList;
			buildConfigurations = (
				883ED56027FA04A70015BB3A /* Debug */,
				883ED56127FA04A70015BB3A /* Release */,
			);
			defaultConfigurationIsVisible = 0;
			defaultConfigurationName = Release;
		};
		883ED56227FA04A70015BB3A /* Build configuration list for PBXNativeTarget "DailyData" */ = {
			isa = XCConfigurationList;
			buildConfigurations = (
				883ED56327FA04A70015BB3A /* Debug */,
				883ED56427FA04A70015BB3A /* Release */,
			);
			defaultConfigurationIsVisible = 0;
			defaultConfigurationName = Release;
		};
/* End XCConfigurationList section */

/* Begin XCVersionGroup section */
		883ED56A27FA09FA0015BB3A /* CoreDataModel.xcdatamodeld */ = {
			isa = XCVersionGroup;
			children = (
				883ED56B27FA09FA0015BB3A /* CoreDataModel.xcdatamodel */,
			);
			currentVersion = 883ED56B27FA09FA0015BB3A /* CoreDataModel.xcdatamodel */;
			path = CoreDataModel.xcdatamodeld;
			sourceTree = "<group>";
			versionGroupType = wrapper.xcdatamodel;
		};
/* End XCVersionGroup section */
	};
	rootObject = 883ED54C27FA04A60015BB3A /* Project object */;
}
